
Microsoft Visual Studio Solution File, Format Version 12.00
# Visual Studio Version 17
VisualStudioVersion = 17.3.32929.385
MinimumVisualStudioVersion = 10.0.40219.1
Project("{9A19103F-16F7-4668-BE54-9A1E7A4F7556}") = "Lab-WebAPI", "Lab-WebAPI.csproj", "{1CF5CAA0-3DC1-4907-8ED7-6823C2B1CDF6}"
EndProject
Global
	GlobalSection(SolutionConfigurationPlatforms) = preSolution
		Debug|Any CPU = Debug|Any CPU
		Release|Any CPU = Release|Any CPU
	EndGlobalSection
	GlobalSection(ProjectConfigurationPlatforms) = postSolution
		{1CF5CAA0-3DC1-4907-8ED7-6823C2B1CDF6}.Debug|Any CPU.ActiveCfg = Debug|Any CPU
		{1CF5CAA0-3DC1-4907-8ED7-6823C2B1CDF6}.Debug|Any CPU.Build.0 = Debug|Any CPU
		{1CF5CAA0-3DC1-4907-8ED7-6823C2B1CDF6}.Release|Any CPU.ActiveCfg = Release|Any CPU
		{1CF5CAA0-3DC1-4907-8ED7-6823C2B1CDF6}.Release|Any CPU.Build.0 = Release|Any CPU
	EndGlobalSection
	GlobalSection(SolutionProperties) = preSolution
		HideSolutionNode = FALSE
	EndGlobalSection
	GlobalSection(ExtensibilityGlobals) = postSolution
		SolutionGuid = {9B8A4D9C-0B94-49B2-AE0E-C498E45A80DF}
	EndGlobalSection
EndGlobal
